
Microsoft Visual Studio Solution File, Format Version 12.00
# Visual Studio Version 17
VisualStudioVersion = 17.9.34714.143
MinimumVisualStudioVersion = 10.0.40219.1
Project("{2150E333-8FDC-42A3-9474-1A3956D46DE8}") = "Lab", "Lab", "{D760FB37-6EC7-4D86-8718-428149CC814C}"
EndProject
Project("{FAE04EC0-301F-11D3-BF4B-00C04F79EFBC}") = "Task1", "Task1\Task1.csproj", "{F235D6CF-26A7-4233-967B-D79690D549B4}"
EndProject
Project("{2150E333-8FDC-42A3-9474-1A3956D46DE8}") = "Lection", "Lection", "{0CD311C0-7152-4045-A518-D9C639DD3F5F}"
EndProject
Project("{FAE04EC0-301F-11D3-BF4B-00C04F79EFBC}") = "GetAsync", "GetAsync\GetAsync.csproj", "{B0E54451-5158-42B5-98F5-81E124ADB91C}"
EndProject
Global
	GlobalSection(SolutionConfigurationPlatforms) = preSolution
		Debug|Any CPU = Debug|Any CPU
		Release|Any CPU = Release|Any CPU
	EndGlobalSection
	GlobalSection(ProjectConfigurationPlatforms) = postSolution
		{F235D6CF-26A7-4233-967B-D79690D549B4}.Debug|Any CPU.ActiveCfg = Debug|Any CPU
		{F235D6CF-26A7-4233-967B-D79690D549B4}.Debug|Any CPU.Build.0 = Debug|Any CPU
		{F235D6CF-26A7-4233-967B-D79690D549B4}.Release|Any CPU.ActiveCfg = Release|Any CPU
		{F235D6CF-26A7-4233-967B-D79690D549B4}.Release|Any CPU.Build.0 = Release|Any CPU
		{B0E54451-5158-42B5-98F5-81E124ADB91C}.Debug|Any CPU.ActiveCfg = Debug|Any CPU
		{B0E54451-5158-42B5-98F5-81E124ADB91C}.Debug|Any CPU.Build.0 = Debug|Any CPU
		{B0E54451-5158-42B5-98F5-81E124ADB91C}.Release|Any CPU.ActiveCfg = Release|Any CPU
		{B0E54451-5158-42B5-98F5-81E124ADB91C}.Release|Any CPU.Build.0 = Release|Any CPU
	EndGlobalSection
	GlobalSection(SolutionProperties) = preSolution
		HideSolutionNode = FALSE
	EndGlobalSection
	GlobalSection(NestedProjects) = preSolution
		{F235D6CF-26A7-4233-967B-D79690D549B4} = {D760FB37-6EC7-4D86-8718-428149CC814C}
		{B0E54451-5158-42B5-98F5-81E124ADB91C} = {0CD311C0-7152-4045-A518-D9C639DD3F5F}
	EndGlobalSection
	GlobalSection(ExtensibilityGlobals) = postSolution
		SolutionGuid = {5F82A106-A3CC-4E92-82F0-3838D58FD558}
	EndGlobalSection
EndGlobal
