
Microsoft Visual Studio Solution File, Format Version 12.00
# Visual Studio Version 17
VisualStudioVersion = 17.9.34714.143
MinimumVisualStudioVersion = 10.0.40219.1
Project("{9A19103F-16F7-4668-BE54-9A1E7A4F7556}") = "WebServer", "WebServer\WebServer.csproj", "{2B2BFC39-E55B-43BC-BE8F-B0C286E1076C}"
EndProject
Project("{9A19103F-16F7-4668-BE54-9A1E7A4F7556}") = "Demo", "Demo\Demo.csproj", "{0D419732-AC46-459B-A6A0-4CCA961E2A41}"
EndProject
Project("{9A19103F-16F7-4668-BE54-9A1E7A4F7556}") = "RestAPIDemo", "RestAPIDemo\RestAPIDemo.csproj", "{7AAFDEDE-93A7-47B4-854C-C306D7176BA6}"
EndProject
Project("{9A19103F-16F7-4668-BE54-9A1E7A4F7556}") = "SharedTrip", "SharedTrip\SharedTrip.csproj", "{02337D94-1A7B-4B83-9029-B733CCF32E92}"
EndProject
Global
	GlobalSection(SolutionConfigurationPlatforms) = preSolution
		Debug|Any CPU = Debug|Any CPU
		Release|Any CPU = Release|Any CPU
	EndGlobalSection
	GlobalSection(ProjectConfigurationPlatforms) = postSolution
		{2B2BFC39-E55B-43BC-BE8F-B0C286E1076C}.Debug|Any CPU.ActiveCfg = Debug|Any CPU
		{2B2BFC39-E55B-43BC-BE8F-B0C286E1076C}.Debug|Any CPU.Build.0 = Debug|Any CPU
		{2B2BFC39-E55B-43BC-BE8F-B0C286E1076C}.Release|Any CPU.ActiveCfg = Release|Any CPU
		{2B2BFC39-E55B-43BC-BE8F-B0C286E1076C}.Release|Any CPU.Build.0 = Release|Any CPU
		{0D419732-AC46-459B-A6A0-4CCA961E2A41}.Debug|Any CPU.ActiveCfg = Debug|Any CPU
		{0D419732-AC46-459B-A6A0-4CCA961E2A41}.Debug|Any CPU.Build.0 = Debug|Any CPU
		{0D419732-AC46-459B-A6A0-4CCA961E2A41}.Release|Any CPU.ActiveCfg = Release|Any CPU
		{0D419732-AC46-459B-A6A0-4CCA961E2A41}.Release|Any CPU.Build.0 = Release|Any CPU
		{7AAFDEDE-93A7-47B4-854C-C306D7176BA6}.Debug|Any CPU.ActiveCfg = Debug|Any CPU
		{7AAFDEDE-93A7-47B4-854C-C306D7176BA6}.Debug|Any CPU.Build.0 = Debug|Any CPU
		{7AAFDEDE-93A7-47B4-854C-C306D7176BA6}.Release|Any CPU.ActiveCfg = Release|Any CPU
		{7AAFDEDE-93A7-47B4-854C-C306D7176BA6}.Release|Any CPU.Build.0 = Release|Any CPU
		{02337D94-1A7B-4B83-9029-B733CCF32E92}.Debug|Any CPU.ActiveCfg = Debug|Any CPU
		{02337D94-1A7B-4B83-9029-B733CCF32E92}.Debug|Any CPU.Build.0 = Debug|Any CPU
		{02337D94-1A7B-4B83-9029-B733CCF32E92}.Release|Any CPU.ActiveCfg = Release|Any CPU
		{02337D94-1A7B-4B83-9029-B733CCF32E92}.Release|Any CPU.Build.0 = Release|Any CPU
	EndGlobalSection
	GlobalSection(SolutionProperties) = preSolution
		HideSolutionNode = FALSE
	EndGlobalSection
	GlobalSection(ExtensibilityGlobals) = postSolution
		SolutionGuid = {0A5DD3BB-FAE9-4C80-92C2-CD866731FC8A}
	EndGlobalSection
EndGlobal
